// !$*UTF8*$!
{
	archiveVersion = 1;
	classes = {
	};
	objectVersion = 56;
	objects = {

/* Begin PBXBuildFile section */
		DD170AD52A4DA2BE00EDB88B /* GoogleService-Info.plist in Resources */ = {isa = PBXBuildFile; fileRef = DD170AD42A4DA2BE00EDB88B /* GoogleService-Info.plist */; };
		DD170AD82A4DA38100EDB88B /* FirebaseAnalytics in Frameworks */ = {isa = PBXBuildFile; productRef = DD170AD72A4DA38100EDB88B /* FirebaseAnalytics */; };
		DD170ADA2A4DA38100EDB88B /* FirebaseAnalyticsSwift in Frameworks */ = {isa = PBXBuildFile; productRef = DD170AD92A4DA38100EDB88B /* FirebaseAnalyticsSwift */; };
		DD170ADC2A4DA38100EDB88B /* FirebaseAnalyticsWithoutAdIdSupport in Frameworks */ = {isa = PBXBuildFile; productRef = DD170ADB2A4DA38100EDB88B /* FirebaseAnalyticsWithoutAdIdSupport */; };
		DD170ADE2A4DA38100EDB88B /* FirebaseAuth in Frameworks */ = {isa = PBXBuildFile; productRef = DD170ADD2A4DA38100EDB88B /* FirebaseAuth */; };
		DD170AE02A4DA38100EDB88B /* FirebaseAuthCombine-Community in Frameworks */ = {isa = PBXBuildFile; productRef = DD170ADF2A4DA38100EDB88B /* FirebaseAuthCombine-Community */; };
		DD170AE22A4DA38100EDB88B /* FirebaseDatabase in Frameworks */ = {isa = PBXBuildFile; productRef = DD170AE12A4DA38100EDB88B /* FirebaseDatabase */; };
		DD170AE42A4DA38100EDB88B /* FirebaseDatabaseSwift in Frameworks */ = {isa = PBXBuildFile; productRef = DD170AE32A4DA38100EDB88B /* FirebaseDatabaseSwift */; };
		DD170AE62A4DA38100EDB88B /* FirebaseFirestore in Frameworks */ = {isa = PBXBuildFile; productRef = DD170AE52A4DA38100EDB88B /* FirebaseFirestore */; };
		DD170AE82A4DA38100EDB88B /* FirebaseFirestoreCombine-Community in Frameworks */ = {isa = PBXBuildFile; productRef = DD170AE72A4DA38100EDB88B /* FirebaseFirestoreCombine-Community */; };
		DD170AEA2A4DA38100EDB88B /* FirebaseFirestoreSwift in Frameworks */ = {isa = PBXBuildFile; productRef = DD170AE92A4DA38100EDB88B /* FirebaseFirestoreSwift */; };
		DD170AEC2A4DA38100EDB88B /* FirebaseStorage in Frameworks */ = {isa = PBXBuildFile; productRef = DD170AEB2A4DA38100EDB88B /* FirebaseStorage */; };
		DD170AEE2A4DA38100EDB88B /* FirebaseStorageCombine-Community in Frameworks */ = {isa = PBXBuildFile; productRef = DD170AED2A4DA38100EDB88B /* FirebaseStorageCombine-Community */; };
		DD170AF02A4EBAEA00EDB88B /* Profile.swift in Sources */ = {isa = PBXBuildFile; fileRef = DD170AEF2A4EBAEA00EDB88B /* Profile.swift */; };
		DD36B3842A6FF05500E91338 /* HomeVC.swift in Sources */ = {isa = PBXBuildFile; fileRef = DD36B3832A6FF05500E91338 /* HomeVC.swift */; };
		DD36B3862A6FF1DA00E91338 /* Caprasimo-Regular.ttf in Resources */ = {isa = PBXBuildFile; fileRef = DD36B3852A6FF1DA00E91338 /* Caprasimo-Regular.ttf */; };
		DD4103132A3335FC00537824 /* AppDelegate.swift in Sources */ = {isa = PBXBuildFile; fileRef = DD4103122A3335FC00537824 /* AppDelegate.swift */; };
		DD4103152A3335FC00537824 /* SceneDelegate.swift in Sources */ = {isa = PBXBuildFile; fileRef = DD4103142A3335FC00537824 /* SceneDelegate.swift */; };
		DD4103172A3335FC00537824 /* CreatePetVC.swift in Sources */ = {isa = PBXBuildFile; fileRef = DD4103162A3335FC00537824 /* CreatePetVC.swift */; };
		DD41031A2A3335FC00537824 /* Main.storyboard in Resources */ = {isa = PBXBuildFile; fileRef = DD4103182A3335FC00537824 /* Main.storyboard */; };
		DD41031C2A3335FE00537824 /* Assets.xcassets in Resources */ = {isa = PBXBuildFile; fileRef = DD41031B2A3335FE00537824 /* Assets.xcassets */; };
		DD41031F2A3335FE00537824 /* LaunchScreen.storyboard in Resources */ = {isa = PBXBuildFile; fileRef = DD41031D2A3335FE00537824 /* LaunchScreen.storyboard */; };
		DD41032B2A3362F900537824 /* Shrikhand-Regular.ttf in Resources */ = {isa = PBXBuildFile; fileRef = DD41032A2A3362F900537824 /* Shrikhand-Regular.ttf */; };
		DDB9087A2A376201007BF59E /* ProfileVC.swift in Sources */ = {isa = PBXBuildFile; fileRef = DDB908792A376201007BF59E /* ProfileVC.swift */; };
		DDCB03592A501B640079D541 /* Database.swift in Sources */ = {isa = PBXBuildFile; fileRef = DDCB03582A501B640079D541 /* Database.swift */; };
		DDD1F9232A72C22700B4EBE9 /* DateFormatter.swift in Sources */ = {isa = PBXBuildFile; fileRef = DDD1F9222A72C22700B4EBE9 /* DateFormatter.swift */; };
		DDF5C9462A6FFF6C0022F0F5 /* ProfileCell.swift in Sources */ = {isa = PBXBuildFile; fileRef = DDF5C9442A6FFF6C0022F0F5 /* ProfileCell.swift */; };
		DDF5C9472A6FFF6C0022F0F5 /* ProfileCell.xib in Resources */ = {isa = PBXBuildFile; fileRef = DDF5C9452A6FFF6C0022F0F5 /* ProfileCell.xib */; };
		DDF5C9492A6FFFDE0022F0F5 /* Constants.swift in Sources */ = {isa = PBXBuildFile; fileRef = DDF5C9482A6FFFDE0022F0F5 /* Constants.swift */; };
		DDF5C94B2A71189F0022F0F5 /* Styling.swift in Sources */ = {isa = PBXBuildFile; fileRef = DDF5C94A2A71189F0022F0F5 /* Styling.swift */; };
		DDF5C94D2A72968F0022F0F5 /* KeyboardScroll.swift in Sources */ = {isa = PBXBuildFile; fileRef = DDF5C94C2A72968F0022F0F5 /* KeyboardScroll.swift */; };
		DDF5C9552A729DCA0022F0F5 /* BlankCell.swift in Sources */ = {isa = PBXBuildFile; fileRef = DDF5C9532A729DCA0022F0F5 /* BlankCell.swift */; };
		DDF5C9562A729DCA0022F0F5 /* BlankCell.xib in Resources */ = {isa = PBXBuildFile; fileRef = DDF5C9542A729DCA0022F0F5 /* BlankCell.xib */; };
/* End PBXBuildFile section */

/* Begin PBXFileReference section */
		DD170AD42A4DA2BE00EDB88B /* GoogleService-Info.plist */ = {isa = PBXFileReference; fileEncoding = 4; lastKnownFileType = text.plist.xml; path = "GoogleService-Info.plist"; sourceTree = "<group>"; };
		DD170AEF2A4EBAEA00EDB88B /* Profile.swift */ = {isa = PBXFileReference; lastKnownFileType = sourcecode.swift; path = Profile.swift; sourceTree = "<group>"; };
		DD36B3812A6FEE9A00E91338 /* ReadMe.md */ = {isa = PBXFileReference; lastKnownFileType = net.daringfireball.markdown; path = ReadMe.md; sourceTree = "<group>"; };
		DD36B3822A6FEEA800E91338 /* WIP.md */ = {isa = PBXFileReference; lastKnownFileType = net.daringfireball.markdown; path = WIP.md; sourceTree = "<group>"; };
		DD36B3832A6FF05500E91338 /* HomeVC.swift */ = {isa = PBXFileReference; lastKnownFileType = sourcecode.swift; path = HomeVC.swift; sourceTree = "<group>"; };
		DD36B3852A6FF1DA00E91338 /* Caprasimo-Regular.ttf */ = {isa = PBXFileReference; lastKnownFileType = file; path = "Caprasimo-Regular.ttf"; sourceTree = "<group>"; };
		DD41030F2A3335FC00537824 /* Brian.app */ = {isa = PBXFileReference; explicitFileType = wrapper.application; includeInIndex = 0; path = Brian.app; sourceTree = BUILT_PRODUCTS_DIR; };
		DD4103122A3335FC00537824 /* AppDelegate.swift */ = {isa = PBXFileReference; lastKnownFileType = sourcecode.swift; path = AppDelegate.swift; sourceTree = "<group>"; };
		DD4103142A3335FC00537824 /* SceneDelegate.swift */ = {isa = PBXFileReference; lastKnownFileType = sourcecode.swift; path = SceneDelegate.swift; sourceTree = "<group>"; };
		DD4103162A3335FC00537824 /* CreatePetVC.swift */ = {isa = PBXFileReference; lastKnownFileType = sourcecode.swift; path = CreatePetVC.swift; sourceTree = "<group>"; };
		DD4103192A3335FC00537824 /* Base */ = {isa = PBXFileReference; lastKnownFileType = file.storyboard; name = Base; path = Base.lproj/Main.storyboard; sourceTree = "<group>"; };
		DD41031B2A3335FE00537824 /* Assets.xcassets */ = {isa = PBXFileReference; lastKnownFileType = folder.assetcatalog; path = Assets.xcassets; sourceTree = "<group>"; };
		DD41031E2A3335FE00537824 /* Base */ = {isa = PBXFileReference; lastKnownFileType = file.storyboard; name = Base; path = Base.lproj/LaunchScreen.storyboard; sourceTree = "<group>"; };
		DD4103202A3335FE00537824 /* Info.plist */ = {isa = PBXFileReference; lastKnownFileType = text.plist.xml; path = Info.plist; sourceTree = "<group>"; };
		DD41032A2A3362F900537824 /* Shrikhand-Regular.ttf */ = {isa = PBXFileReference; lastKnownFileType = file; name = "Shrikhand-Regular.ttf"; path = "../../../../../Downloads/Shrikhand/Shrikhand-Regular.ttf"; sourceTree = "<group>"; };
		DDB908792A376201007BF59E /* ProfileVC.swift */ = {isa = PBXFileReference; lastKnownFileType = sourcecode.swift; path = ProfileVC.swift; sourceTree = "<group>"; };
		DDCB03582A501B640079D541 /* Database.swift */ = {isa = PBXFileReference; lastKnownFileType = sourcecode.swift; path = Database.swift; sourceTree = "<group>"; };
		DDD1F9222A72C22700B4EBE9 /* DateFormatter.swift */ = {isa = PBXFileReference; lastKnownFileType = sourcecode.swift; path = DateFormatter.swift; sourceTree = "<group>"; };
		DDF5C9442A6FFF6C0022F0F5 /* ProfileCell.swift */ = {isa = PBXFileReference; lastKnownFileType = sourcecode.swift; path = ProfileCell.swift; sourceTree = "<group>"; };
		DDF5C9452A6FFF6C0022F0F5 /* ProfileCell.xib */ = {isa = PBXFileReference; lastKnownFileType = file.xib; path = ProfileCell.xib; sourceTree = "<group>"; };
		DDF5C9482A6FFFDE0022F0F5 /* Constants.swift */ = {isa = PBXFileReference; lastKnownFileType = sourcecode.swift; path = Constants.swift; sourceTree = "<group>"; };
		DDF5C94A2A71189F0022F0F5 /* Styling.swift */ = {isa = PBXFileReference; lastKnownFileType = sourcecode.swift; path = Styling.swift; sourceTree = "<group>"; };
		DDF5C94C2A72968F0022F0F5 /* KeyboardScroll.swift */ = {isa = PBXFileReference; lastKnownFileType = sourcecode.swift; path = KeyboardScroll.swift; sourceTree = "<group>"; };
		DDF5C9532A729DCA0022F0F5 /* BlankCell.swift */ = {isa = PBXFileReference; lastKnownFileType = sourcecode.swift; path = BlankCell.swift; sourceTree = "<group>"; };
		DDF5C9542A729DCA0022F0F5 /* BlankCell.xib */ = {isa = PBXFileReference; lastKnownFileType = file.xib; path = BlankCell.xib; sourceTree = "<group>"; };
/* End PBXFileReference section */

/* Begin PBXFrameworksBuildPhase section */
		DD41030C2A3335FC00537824 /* Frameworks */ = {
			isa = PBXFrameworksBuildPhase;
			buildActionMask = 2147483647;
			files = (
				DD170AE42A4DA38100EDB88B /* FirebaseDatabaseSwift in Frameworks */,
				DD170AE22A4DA38100EDB88B /* FirebaseDatabase in Frameworks */,
				DD170ADA2A4DA38100EDB88B /* FirebaseAnalyticsSwift in Frameworks */,
				DD170AE82A4DA38100EDB88B /* FirebaseFirestoreCombine-Community in Frameworks */,
				DD170ADC2A4DA38100EDB88B /* FirebaseAnalyticsWithoutAdIdSupport in Frameworks */,
				DD170AEA2A4DA38100EDB88B /* FirebaseFirestoreSwift in Frameworks */,
				DD170AD82A4DA38100EDB88B /* FirebaseAnalytics in Frameworks */,
				DD170AE62A4DA38100EDB88B /* FirebaseFirestore in Frameworks */,
				DD170AEC2A4DA38100EDB88B /* FirebaseStorage in Frameworks */,
				DD170ADE2A4DA38100EDB88B /* FirebaseAuth in Frameworks */,
				DD170AEE2A4DA38100EDB88B /* FirebaseStorageCombine-Community in Frameworks */,
				DD170AE02A4DA38100EDB88B /* FirebaseAuthCombine-Community in Frameworks */,
			);
			runOnlyForDeploymentPostprocessing = 0;
		};
/* End PBXFrameworksBuildPhase section */

/* Begin PBXGroup section */
		DD4103062A3335FC00537824 = {
			isa = PBXGroup;
			children = (
				DD4103112A3335FC00537824 /* Brian */,
				DD4103102A3335FC00537824 /* Products */,
			);
			sourceTree = "<group>";
		};
		DD4103102A3335FC00537824 /* Products */ = {
			isa = PBXGroup;
			children = (
				DD41030F2A3335FC00537824 /* Brian.app */,
			);
			name = Products;
			sourceTree = "<group>";
		};
		DD4103112A3335FC00537824 /* Brian */ = {
			isa = PBXGroup;
			children = (
				DD36B3812A6FEE9A00E91338 /* ReadMe.md */,
				DD36B3822A6FEEA800E91338 /* WIP.md */,
				DD4103122A3335FC00537824 /* AppDelegate.swift */,
				DD4103142A3335FC00537824 /* SceneDelegate.swift */,
				DD4103262A33367300537824 /* Model */,
				DD4103282A33369600537824 /* View */,
				DD4103272A33367C00537824 /* ViewModel */,
				DD41031B2A3335FE00537824 /* Assets.xcassets */,
				DDF5C9482A6FFFDE0022F0F5 /* Constants.swift */,
				DD4103292A3362CA00537824 /* Fonts */,
				DD4103202A3335FE00537824 /* Info.plist */,
				DD170AD42A4DA2BE00EDB88B /* GoogleService-Info.plist */,
			);
			path = Brian;
			sourceTree = "<group>";
		};
		DD4103262A33367300537824 /* Model */ = {
			isa = PBXGroup;
			children = (
				DDCB03582A501B640079D541 /* Database.swift */,
				DDD1F9222A72C22700B4EBE9 /* DateFormatter.swift */,
				DDF5C94C2A72968F0022F0F5 /* KeyboardScroll.swift */,
				DD170AEF2A4EBAEA00EDB88B /* Profile.swift */,
				DDF5C94A2A71189F0022F0F5 /* Styling.swift */,
			);
			path = Model;
			sourceTree = "<group>";
		};
		DD4103272A33367C00537824 /* ViewModel */ = {
			isa = PBXGroup;
			children = (
				DDF5C9502A729D720022F0F5 /* VCs */,
				DDF5C9512A729D840022F0F5 /* Cells */,
			);
			path = ViewModel;
			sourceTree = "<group>";
		};
		DD4103282A33369600537824 /* View */ = {
			isa = PBXGroup;
			children = (
				DD41031D2A3335FE00537824 /* LaunchScreen.storyboard */,
				DD4103182A3335FC00537824 /* Main.storyboard */,
				DDF5C9522A729D930022F0F5 /* Cells */,
			);
			path = View;
			sourceTree = "<group>";
		};
		DD4103292A3362CA00537824 /* Fonts */ = {
			isa = PBXGroup;
			children = (
				DD41032A2A3362F900537824 /* Shrikhand-Regular.ttf */,
				DD36B3852A6FF1DA00E91338 /* Caprasimo-Regular.ttf */,
			);
			path = Fonts;
			sourceTree = "<group>";
		};
		DDF5C9502A729D720022F0F5 /* VCs */ = {
			isa = PBXGroup;
			children = (
				DD36B3832A6FF05500E91338 /* HomeVC.swift */,
				DD4103162A3335FC00537824 /* CreatePetVC.swift */,
				DDB908792A376201007BF59E /* ProfileVC.swift */,
			);
			path = VCs;
			sourceTree = "<group>";
		};
		DDF5C9512A729D840022F0F5 /* Cells */ = {
			isa = PBXGroup;
			children = (
				DDF5C9532A729DCA0022F0F5 /* BlankCell.swift */,
				DDF5C9442A6FFF6C0022F0F5 /* ProfileCell.swift */,
			);
			path = Cells;
			sourceTree = "<group>";
		};
		DDF5C9522A729D930022F0F5 /* Cells */ = {
			isa = PBXGroup;
			children = (
				DDF5C9542A729DCA0022F0F5 /* BlankCell.xib */,
				DDF5C9452A6FFF6C0022F0F5 /* ProfileCell.xib */,
			);
			path = Cells;
			sourceTree = "<group>";
		};
/* End PBXGroup section */

/* Begin PBXNativeTarget section */
		DD41030E2A3335FC00537824 /* Brian */ = {
			isa = PBXNativeTarget;
			buildConfigurationList = DD4103232A3335FE00537824 /* Build configuration list for PBXNativeTarget "Brian" */;
			buildPhases = (
				DD41030B2A3335FC00537824 /* Sources */,
				DD41030C2A3335FC00537824 /* Frameworks */,
				DD41030D2A3335FC00537824 /* Resources */,
			);
			buildRules = (
			);
			dependencies = (
			);
			name = Brian;
			packageProductDependencies = (
				DD170AD72A4DA38100EDB88B /* FirebaseAnalytics */,
				DD170AD92A4DA38100EDB88B /* FirebaseAnalyticsSwift */,
				DD170ADB2A4DA38100EDB88B /* FirebaseAnalyticsWithoutAdIdSupport */,
				DD170ADD2A4DA38100EDB88B /* FirebaseAuth */,
				DD170ADF2A4DA38100EDB88B /* FirebaseAuthCombine-Community */,
				DD170AE12A4DA38100EDB88B /* FirebaseDatabase */,
				DD170AE32A4DA38100EDB88B /* FirebaseDatabaseSwift */,
				DD170AE52A4DA38100EDB88B /* FirebaseFirestore */,
				DD170AE72A4DA38100EDB88B /* FirebaseFirestoreCombine-Community */,
				DD170AE92A4DA38100EDB88B /* FirebaseFirestoreSwift */,
				DD170AEB2A4DA38100EDB88B /* FirebaseStorage */,
				DD170AED2A4DA38100EDB88B /* FirebaseStorageCombine-Community */,
			);
			productName = Brian;
			productReference = DD41030F2A3335FC00537824 /* Brian.app */;
			productType = "com.apple.product-type.application";
		};
/* End PBXNativeTarget section */

/* Begin PBXProject section */
		DD4103072A3335FC00537824 /* Project object */ = {
			isa = PBXProject;
			attributes = {
				BuildIndependentTargetsInParallel = 1;
				LastSwiftUpdateCheck = 1430;
				LastUpgradeCheck = 1430;
				TargetAttributes = {
					DD41030E2A3335FC00537824 = {
						CreatedOnToolsVersion = 14.3.1;
					};
				};
			};
			buildConfigurationList = DD41030A2A3335FC00537824 /* Build configuration list for PBXProject "Brian" */;
			compatibilityVersion = "Xcode 14.0";
			developmentRegion = en;
			hasScannedForEncodings = 0;
			knownRegions = (
				en,
				Base,
			);
			mainGroup = DD4103062A3335FC00537824;
			packageReferences = (
				DD170AD62A4DA38100EDB88B /* XCRemoteSwiftPackageReference "firebase-ios-sdk" */,
			);
			productRefGroup = DD4103102A3335FC00537824 /* Products */;
			projectDirPath = "";
			projectRoot = "";
			targets = (
				DD41030E2A3335FC00537824 /* Brian */,
			);
		};
/* End PBXProject section */

/* Begin PBXResourcesBuildPhase section */
		DD41030D2A3335FC00537824 /* Resources */ = {
			isa = PBXResourcesBuildPhase;
			buildActionMask = 2147483647;
			files = (
				DD170AD52A4DA2BE00EDB88B /* GoogleService-Info.plist in Resources */,
				DDF5C9472A6FFF6C0022F0F5 /* ProfileCell.xib in Resources */,
				DD41032B2A3362F900537824 /* Shrikhand-Regular.ttf in Resources */,
				DD41031F2A3335FE00537824 /* LaunchScreen.storyboard in Resources */,
				DD36B3862A6FF1DA00E91338 /* Caprasimo-Regular.ttf in Resources */,
				DD41031C2A3335FE00537824 /* Assets.xcassets in Resources */,
				DDF5C9562A729DCA0022F0F5 /* BlankCell.xib in Resources */,
				DD41031A2A3335FC00537824 /* Main.storyboard in Resources */,
			);
			runOnlyForDeploymentPostprocessing = 0;
		};
/* End PBXResourcesBuildPhase section */

/* Begin PBXSourcesBuildPhase section */
		DD41030B2A3335FC00537824 /* Sources */ = {
			isa = PBXSourcesBuildPhase;
			buildActionMask = 2147483647;
			files = (
				DDCB03592A501B640079D541 /* Database.swift in Sources */,
				DD36B3842A6FF05500E91338 /* HomeVC.swift in Sources */,
				DDF5C9552A729DCA0022F0F5 /* BlankCell.swift in Sources */,
				DDB9087A2A376201007BF59E /* ProfileVC.swift in Sources */,
				DDD1F9232A72C22700B4EBE9 /* DateFormatter.swift in Sources */,
				DD170AF02A4EBAEA00EDB88B /* Profile.swift in Sources */,
				DDF5C9492A6FFFDE0022F0F5 /* Constants.swift in Sources */,
				DD4103172A3335FC00537824 /* CreatePetVC.swift in Sources */,
				DDF5C9462A6FFF6C0022F0F5 /* ProfileCell.swift in Sources */,
				DD4103132A3335FC00537824 /* AppDelegate.swift in Sources */,
				DD4103152A3335FC00537824 /* SceneDelegate.swift in Sources */,
				DDF5C94B2A71189F0022F0F5 /* Styling.swift in Sources */,
				DDF5C94D2A72968F0022F0F5 /* KeyboardScroll.swift in Sources */,
			);
			runOnlyForDeploymentPostprocessing = 0;
		};
/* End PBXSourcesBuildPhase section */

/* Begin PBXVariantGroup section */
		DD4103182A3335FC00537824 /* Main.storyboard */ = {
			isa = PBXVariantGroup;
			children = (
				DD4103192A3335FC00537824 /* Base */,
			);
			name = Main.storyboard;
			sourceTree = "<group>";
		};
		DD41031D2A3335FE00537824 /* LaunchScreen.storyboard */ = {
			isa = PBXVariantGroup;
			children = (
				DD41031E2A3335FE00537824 /* Base */,
			);
			name = LaunchScreen.storyboard;
			sourceTree = "<group>";
		};
/* End PBXVariantGroup section */

/* Begin XCBuildConfiguration section */
		DD4103212A3335FE00537824 /* Debug */ = {
			isa = XCBuildConfiguration;
			buildSettings = {
				ALWAYS_SEARCH_USER_PATHS = NO;
				CLANG_ANALYZER_NONNULL = YES;
				CLANG_ANALYZER_NUMBER_OBJECT_CONVERSION = YES_AGGRESSIVE;
				CLANG_CXX_LANGUAGE_STANDARD = "gnu++20";
				CLANG_ENABLE_MODULES = YES;
				CLANG_ENABLE_OBJC_ARC = YES;
				CLANG_ENABLE_OBJC_WEAK = YES;
				CLANG_WARN_BLOCK_CAPTURE_AUTORELEASING = YES;
				CLANG_WARN_BOOL_CONVERSION = YES;
				CLANG_WARN_COMMA = YES;
				CLANG_WARN_CONSTANT_CONVERSION = YES;
				CLANG_WARN_DEPRECATED_OBJC_IMPLEMENTATIONS = YES;
				CLANG_WARN_DIRECT_OBJC_ISA_USAGE = YES_ERROR;
				CLANG_WARN_DOCUMENTATION_COMMENTS = YES;
				CLANG_WARN_EMPTY_BODY = YES;
				CLANG_WARN_ENUM_CONVERSION = YES;
				CLANG_WARN_INFINITE_RECURSION = YES;
				CLANG_WARN_INT_CONVERSION = YES;
				CLANG_WARN_NON_LITERAL_NULL_CONVERSION = YES;
				CLANG_WARN_OBJC_IMPLICIT_RETAIN_SELF = YES;
				CLANG_WARN_OBJC_LITERAL_CONVERSION = YES;
				CLANG_WARN_OBJC_ROOT_CLASS = YES_ERROR;
				CLANG_WARN_QUOTED_INCLUDE_IN_FRAMEWORK_HEADER = YES;
				CLANG_WARN_RANGE_LOOP_ANALYSIS = YES;
				CLANG_WARN_STRICT_PROTOTYPES = YES;
				CLANG_WARN_SUSPICIOUS_MOVE = YES;
				CLANG_WARN_UNGUARDED_AVAILABILITY = YES_AGGRESSIVE;
				CLANG_WARN_UNREACHABLE_CODE = YES;
				CLANG_WARN__DUPLICATE_METHOD_MATCH = YES;
				COPY_PHASE_STRIP = NO;
				DEBUG_INFORMATION_FORMAT = dwarf;
				ENABLE_STRICT_OBJC_MSGSEND = YES;
				ENABLE_TESTABILITY = YES;
				GCC_C_LANGUAGE_STANDARD = gnu11;
				GCC_DYNAMIC_NO_PIC = NO;
				GCC_NO_COMMON_BLOCKS = YES;
				GCC_OPTIMIZATION_LEVEL = 0;
				GCC_PREPROCESSOR_DEFINITIONS = (
					"DEBUG=1",
					"$(inherited)",
				);
				GCC_WARN_64_TO_32_BIT_CONVERSION = YES;
				GCC_WARN_ABOUT_RETURN_TYPE = YES_ERROR;
				GCC_WARN_UNDECLARED_SELECTOR = YES;
				GCC_WARN_UNINITIALIZED_AUTOS = YES_AGGRESSIVE;
				GCC_WARN_UNUSED_FUNCTION = YES;
				GCC_WARN_UNUSED_VARIABLE = YES;
				IPHONEOS_DEPLOYMENT_TARGET = 16.0;
				MTL_ENABLE_DEBUG_INFO = INCLUDE_SOURCE;
				MTL_FAST_MATH = YES;
				ONLY_ACTIVE_ARCH = YES;
				SDKROOT = iphoneos;
				SWIFT_ACTIVE_COMPILATION_CONDITIONS = DEBUG;
				SWIFT_OPTIMIZATION_LEVEL = "-Onone";
			};
			name = Debug;
		};
		DD4103222A3335FE00537824 /* Release */ = {
			isa = XCBuildConfiguration;
			buildSettings = {
				ALWAYS_SEARCH_USER_PATHS = NO;
				CLANG_ANALYZER_NONNULL = YES;
				CLANG_ANALYZER_NUMBER_OBJECT_CONVERSION = YES_AGGRESSIVE;
				CLANG_CXX_LANGUAGE_STANDARD = "gnu++20";
				CLANG_ENABLE_MODULES = YES;
				CLANG_ENABLE_OBJC_ARC = YES;
				CLANG_ENABLE_OBJC_WEAK = YES;
				CLANG_WARN_BLOCK_CAPTURE_AUTORELEASING = YES;
				CLANG_WARN_BOOL_CONVERSION = YES;
				CLANG_WARN_COMMA = YES;
				CLANG_WARN_CONSTANT_CONVERSION = YES;
				CLANG_WARN_DEPRECATED_OBJC_IMPLEMENTATIONS = YES;
				CLANG_WARN_DIRECT_OBJC_ISA_USAGE = YES_ERROR;
				CLANG_WARN_DOCUMENTATION_COMMENTS = YES;
				CLANG_WARN_EMPTY_BODY = YES;
				CLANG_WARN_ENUM_CONVERSION = YES;
				CLANG_WARN_INFINITE_RECURSION = YES;
				CLANG_WARN_INT_CONVERSION = YES;
				CLANG_WARN_NON_LITERAL_NULL_CONVERSION = YES;
				CLANG_WARN_OBJC_IMPLICIT_RETAIN_SELF = YES;
				CLANG_WARN_OBJC_LITERAL_CONVERSION = YES;
				CLANG_WARN_OBJC_ROOT_CLASS = YES_ERROR;
				CLANG_WARN_QUOTED_INCLUDE_IN_FRAMEWORK_HEADER = YES;
				CLANG_WARN_RANGE_LOOP_ANALYSIS = YES;
				CLANG_WARN_STRICT_PROTOTYPES = YES;
				CLANG_WARN_SUSPICIOUS_MOVE = YES;
				CLANG_WARN_UNGUARDED_AVAILABILITY = YES_AGGRESSIVE;
				CLANG_WARN_UNREACHABLE_CODE = YES;
				CLANG_WARN__DUPLICATE_METHOD_MATCH = YES;
				COPY_PHASE_STRIP = NO;
				DEBUG_INFORMATION_FORMAT = "dwarf-with-dsym";
				ENABLE_NS_ASSERTIONS = NO;
				ENABLE_STRICT_OBJC_MSGSEND = YES;
				GCC_C_LANGUAGE_STANDARD = gnu11;
				GCC_NO_COMMON_BLOCKS = YES;
				GCC_WARN_64_TO_32_BIT_CONVERSION = YES;
				GCC_WARN_ABOUT_RETURN_TYPE = YES_ERROR;
				GCC_WARN_UNDECLARED_SELECTOR = YES;
				GCC_WARN_UNINITIALIZED_AUTOS = YES_AGGRESSIVE;
				GCC_WARN_UNUSED_FUNCTION = YES;
				GCC_WARN_UNUSED_VARIABLE = YES;
				IPHONEOS_DEPLOYMENT_TARGET = 16.0;
				MTL_ENABLE_DEBUG_INFO = NO;
				MTL_FAST_MATH = YES;
				SDKROOT = iphoneos;
				SWIFT_COMPILATION_MODE = wholemodule;
				SWIFT_OPTIMIZATION_LEVEL = "-O";
				VALIDATE_PRODUCT = YES;
			};
			name = Release;
		};
		DD4103242A3335FE00537824 /* Debug */ = {
			isa = XCBuildConfiguration;
			buildSettings = {
				ASSETCATALOG_COMPILER_APPICON_NAME = AppIcon;
				ASSETCATALOG_COMPILER_GLOBAL_ACCENT_COLOR_NAME = AccentColor;
				CODE_SIGN_STYLE = Automatic;
				CURRENT_PROJECT_VERSION = 1;
				DEVELOPMENT_TEAM = DAP856JGQY;
				GENERATE_INFOPLIST_FILE = YES;
				INFOPLIST_FILE = Brian/Info.plist;
				INFOPLIST_KEY_CFBundleDisplayName = Brian;
				INFOPLIST_KEY_LSApplicationCategoryType = "public.app-category.lifestyle";
				INFOPLIST_KEY_UIApplicationSupportsIndirectInputEvents = YES;
				INFOPLIST_KEY_UILaunchStoryboardName = LaunchScreen;
				INFOPLIST_KEY_UIMainStoryboardFile = Main;
				INFOPLIST_KEY_UISupportedInterfaceOrientations = UIInterfaceOrientationPortrait;
				INFOPLIST_KEY_UISupportedInterfaceOrientations_iPad = "UIInterfaceOrientationLandscapeLeft UIInterfaceOrientationLandscapeRight UIInterfaceOrientationPortrait UIInterfaceOrientationPortraitUpsideDown";
				LD_RUNPATH_SEARCH_PATHS = (
					"$(inherited)",
					"@executable_path/Frameworks",
				);
				MARKETING_VERSION = 1.0;
				PRODUCT_BUNDLE_IDENTIFIER = com.jattersley.Brian;
				PRODUCT_NAME = "$(TARGET_NAME)";
				SUPPORTED_PLATFORMS = "iphoneos iphonesimulator";
				SUPPORTS_MACCATALYST = NO;
				SUPPORTS_MAC_DESIGNED_FOR_IPHONE_IPAD = NO;
				SWIFT_EMIT_LOC_STRINGS = YES;
				SWIFT_VERSION = 5.0;
				TARGETED_DEVICE_FAMILY = 1;
			};
			name = Debug;
		};
		DD4103252A3335FE00537824 /* Release */ = {
			isa = XCBuildConfiguration;
			buildSettings = {
				ASSETCATALOG_COMPILER_APPICON_NAME = AppIcon;
				ASSETCATALOG_COMPILER_GLOBAL_ACCENT_COLOR_NAME = AccentColor;
				CODE_SIGN_STYLE = Automatic;
				CURRENT_PROJECT_VERSION = 1;
				DEVELOPMENT_TEAM = DAP856JGQY;
				GENERATE_INFOPLIST_FILE = YES;
				INFOPLIST_FILE = Brian/Info.plist;
				INFOPLIST_KEY_CFBundleDisplayName = Brian;
				INFOPLIST_KEY_LSApplicationCategoryType = "public.app-category.lifestyle";
				INFOPLIST_KEY_UIApplicationSupportsIndirectInputEvents = YES;
				INFOPLIST_KEY_UILaunchStoryboardName = LaunchScreen;
				INFOPLIST_KEY_UIMainStoryboardFile = Main;
				INFOPLIST_KEY_UISupportedInterfaceOrientations = UIInterfaceOrientationPortrait;
				INFOPLIST_KEY_UISupportedInterfaceOrientations_iPad = "UIInterfaceOrientationLandscapeLeft UIInterfaceOrientationLandscapeRight UIInterfaceOrientationPortrait UIInterfaceOrientationPortraitUpsideDown";
				LD_RUNPATH_SEARCH_PATHS = (
					"$(inherited)",
					"@executable_path/Frameworks",
				);
				MARKETING_VERSION = 1.0;
				PRODUCT_BUNDLE_IDENTIFIER = com.jattersley.Brian;
				PRODUCT_NAME = "$(TARGET_NAME)";
				SUPPORTED_PLATFORMS = "iphoneos iphonesimulator";
				SUPPORTS_MACCATALYST = NO;
				SUPPORTS_MAC_DESIGNED_FOR_IPHONE_IPAD = NO;
				SWIFT_EMIT_LOC_STRINGS = YES;
				SWIFT_VERSION = 5.0;
				TARGETED_DEVICE_FAMILY = 1;
			};
			name = Release;
		};
/* End XCBuildConfiguration section */

/* Begin XCConfigurationList section */
		DD41030A2A3335FC00537824 /* Build configuration list for PBXProject "Brian" */ = {
			isa = XCConfigurationList;
			buildConfigurations = (
				DD4103212A3335FE00537824 /* Debug */,
				DD4103222A3335FE00537824 /* Release */,
			);
			defaultConfigurationIsVisible = 0;
			defaultConfigurationName = Release;
		};
		DD4103232A3335FE00537824 /* Build configuration list for PBXNativeTarget "Brian" */ = {
			isa = XCConfigurationList;
			buildConfigurations = (
				DD4103242A3335FE00537824 /* Debug */,
				DD4103252A3335FE00537824 /* Release */,
			);
			defaultConfigurationIsVisible = 0;
			defaultConfigurationName = Release;
		};
/* End XCConfigurationList section */

/* Begin XCRemoteSwiftPackageReference section */
		DD170AD62A4DA38100EDB88B /* XCRemoteSwiftPackageReference "firebase-ios-sdk" */ = {
			isa = XCRemoteSwiftPackageReference;
			repositoryURL = "https://github.com/firebase/firebase-ios-sdk";
			requirement = {
				kind = upToNextMajorVersion;
				minimumVersion = 10.0.0;
			};
		};
/* End XCRemoteSwiftPackageReference section */

/* Begin XCSwiftPackageProductDependency section */
		DD170AD72A4DA38100EDB88B /* FirebaseAnalytics */ = {
			isa = XCSwiftPackageProductDependency;
			package = DD170AD62A4DA38100EDB88B /* XCRemoteSwiftPackageReference "firebase-ios-sdk" */;
			productName = FirebaseAnalytics;
		};
		DD170AD92A4DA38100EDB88B /* FirebaseAnalyticsSwift */ = {
			isa = XCSwiftPackageProductDependency;
			package = DD170AD62A4DA38100EDB88B /* XCRemoteSwiftPackageReference "firebase-ios-sdk" */;
			productName = FirebaseAnalyticsSwift;
		};
		DD170ADB2A4DA38100EDB88B /* FirebaseAnalyticsWithoutAdIdSupport */ = {
			isa = XCSwiftPackageProductDependency;
			package = DD170AD62A4DA38100EDB88B /* XCRemoteSwiftPackageReference "firebase-ios-sdk" */;
			productName = FirebaseAnalyticsWithoutAdIdSupport;
		};
		DD170ADD2A4DA38100EDB88B /* FirebaseAuth */ = {
			isa = XCSwiftPackageProductDependency;
			package = DD170AD62A4DA38100EDB88B /* XCRemoteSwiftPackageReference "firebase-ios-sdk" */;
			productName = FirebaseAuth;
		};
		DD170ADF2A4DA38100EDB88B /* FirebaseAuthCombine-Community */ = {
			isa = XCSwiftPackageProductDependency;
			package = DD170AD62A4DA38100EDB88B /* XCRemoteSwiftPackageReference "firebase-ios-sdk" */;
			productName = "FirebaseAuthCombine-Community";
		};
		DD170AE12A4DA38100EDB88B /* FirebaseDatabase */ = {
			isa = XCSwiftPackageProductDependency;
			package = DD170AD62A4DA38100EDB88B /* XCRemoteSwiftPackageReference "firebase-ios-sdk" */;
			productName = FirebaseDatabase;
		};
		DD170AE32A4DA38100EDB88B /* FirebaseDatabaseSwift */ = {
			isa = XCSwiftPackageProductDependency;
			package = DD170AD62A4DA38100EDB88B /* XCRemoteSwiftPackageReference "firebase-ios-sdk" */;
			productName = FirebaseDatabaseSwift;
		};
		DD170AE52A4DA38100EDB88B /* FirebaseFirestore */ = {
			isa = XCSwiftPackageProductDependency;
			package = DD170AD62A4DA38100EDB88B /* XCRemoteSwiftPackageReference "firebase-ios-sdk" */;
			productName = FirebaseFirestore;
		};
		DD170AE72A4DA38100EDB88B /* FirebaseFirestoreCombine-Community */ = {
			isa = XCSwiftPackageProductDependency;
			package = DD170AD62A4DA38100EDB88B /* XCRemoteSwiftPackageReference "firebase-ios-sdk" */;
			productName = "FirebaseFirestoreCombine-Community";
		};
		DD170AE92A4DA38100EDB88B /* FirebaseFirestoreSwift */ = {
			isa = XCSwiftPackageProductDependency;
			package = DD170AD62A4DA38100EDB88B /* XCRemoteSwiftPackageReference "firebase-ios-sdk" */;
			productName = FirebaseFirestoreSwift;
		};
		DD170AEB2A4DA38100EDB88B /* FirebaseStorage */ = {
			isa = XCSwiftPackageProductDependency;
			package = DD170AD62A4DA38100EDB88B /* XCRemoteSwiftPackageReference "firebase-ios-sdk" */;
			productName = FirebaseStorage;
		};
		DD170AED2A4DA38100EDB88B /* FirebaseStorageCombine-Community */ = {
			isa = XCSwiftPackageProductDependency;
			package = DD170AD62A4DA38100EDB88B /* XCRemoteSwiftPackageReference "firebase-ios-sdk" */;
			productName = "FirebaseStorageCombine-Community";
		};
/* End XCSwiftPackageProductDependency section */
	};
	rootObject = DD4103072A3335FC00537824 /* Project object */;
}
