// !$*UTF8*$!
{
	archiveVersion = 1;
	classes = {
	};
	objectVersion = 56;
	objects = {

/* Begin PBXBuildFile section */
		DD039E7F2AD6B030007F89AA /* RegisterVC.swift in Sources */ = {isa = PBXBuildFile; fileRef = DD039E7E2AD6B030007F89AA /* RegisterVC.swift */; };
		DD039E812AD6B042007F89AA /* LoginVC.swift in Sources */ = {isa = PBXBuildFile; fileRef = DD039E802AD6B042007F89AA /* LoginVC.swift */; };
		DD0F954B2ADFDD7B009C39B3 /* HeaderCell.swift in Sources */ = {isa = PBXBuildFile; fileRef = DD0F95492ADFDD7B009C39B3 /* HeaderCell.swift */; };
		DD0F954C2ADFDD7B009C39B3 /* HeaderCell.xib in Resources */ = {isa = PBXBuildFile; fileRef = DD0F954A2ADFDD7B009C39B3 /* HeaderCell.xib */; };
		DD0F95762AE2A9FC009C39B3 /* Menu.swift in Sources */ = {isa = PBXBuildFile; fileRef = DD0F95752AE2A9FC009C39B3 /* Menu.swift */; };
		DD14AF502A9F4E6E001F7470 /* AddNeedsThreeVC.swift in Sources */ = {isa = PBXBuildFile; fileRef = DD14AF4F2A9F4E6E001F7470 /* AddNeedsThreeVC.swift */; };
		DD170AF02A4EBAEA00EDB88B /* Profile.swift in Sources */ = {isa = PBXBuildFile; fileRef = DD170AEF2A4EBAEA00EDB88B /* Profile.swift */; };
		DD1CA2CB2A9E0DE700734070 /* NeedsCollectionViewCell.swift in Sources */ = {isa = PBXBuildFile; fileRef = DD1CA2C92A9E0DE600734070 /* NeedsCollectionViewCell.swift */; };
		DD1CA2CC2A9E0DE700734070 /* NeedsCollectionViewCell.xib in Resources */ = {isa = PBXBuildFile; fileRef = DD1CA2CA2A9E0DE600734070 /* NeedsCollectionViewCell.xib */; };
		DD1CA2CE2A9E0EF500734070 /* Needs.swift in Sources */ = {isa = PBXBuildFile; fileRef = DD1CA2CD2A9E0EF500734070 /* Needs.swift */; };
		DD30D0DF2A9F30F500226579 /* AddNeedsTwoVC.swift in Sources */ = {isa = PBXBuildFile; fileRef = DD30D0DE2A9F30F500226579 /* AddNeedsTwoVC.swift */; };
		DD36B3842A6FF05500E91338 /* HomeVC.swift in Sources */ = {isa = PBXBuildFile; fileRef = DD36B3832A6FF05500E91338 /* HomeVC.swift */; };
		DD36B3862A6FF1DA00E91338 /* Caprasimo-Regular.ttf in Resources */ = {isa = PBXBuildFile; fileRef = DD36B3852A6FF1DA00E91338 /* Caprasimo-Regular.ttf */; };
		DD4103132A3335FC00537824 /* AppDelegate.swift in Sources */ = {isa = PBXBuildFile; fileRef = DD4103122A3335FC00537824 /* AppDelegate.swift */; };
		DD4103152A3335FC00537824 /* SceneDelegate.swift in Sources */ = {isa = PBXBuildFile; fileRef = DD4103142A3335FC00537824 /* SceneDelegate.swift */; };
		DD4103172A3335FC00537824 /* CreatePetVC.swift in Sources */ = {isa = PBXBuildFile; fileRef = DD4103162A3335FC00537824 /* CreatePetVC.swift */; };
		DD41031A2A3335FC00537824 /* Main.storyboard in Resources */ = {isa = PBXBuildFile; fileRef = DD4103182A3335FC00537824 /* Main.storyboard */; };
		DD41031C2A3335FE00537824 /* Assets.xcassets in Resources */ = {isa = PBXBuildFile; fileRef = DD41031B2A3335FE00537824 /* Assets.xcassets */; };
		DD41031F2A3335FE00537824 /* LaunchScreen.storyboard in Resources */ = {isa = PBXBuildFile; fileRef = DD41031D2A3335FE00537824 /* LaunchScreen.storyboard */; };
		DD6C8F402AFCE1B0007F21D5 /* Shrikhand-Regular.ttf in Resources */ = {isa = PBXBuildFile; fileRef = DD6C8F3F2AFCE1B0007F21D5 /* Shrikhand-Regular.ttf */; };
		DD9AAB3F2ADD37CF00CA0BE5 /* NeedsListVC.swift in Sources */ = {isa = PBXBuildFile; fileRef = DD9AAB3D2ADD37CF00CA0BE5 /* NeedsListVC.swift */; };
		DD9AAB402ADD37CF00CA0BE5 /* NeedsListCell.xib in Resources */ = {isa = PBXBuildFile; fileRef = DD9AAB3E2ADD37CF00CA0BE5 /* NeedsListCell.xib */; };
		DD9AAB422ADD38BC00CA0BE5 /* NeedsListCell.swift in Sources */ = {isa = PBXBuildFile; fileRef = DD9AAB412ADD38BC00CA0BE5 /* NeedsListCell.swift */; };
		DDA97FC82AEFF81800490DCE /* AboutVC.swift in Sources */ = {isa = PBXBuildFile; fileRef = DDA97FC72AEFF81800490DCE /* AboutVC.swift */; };
		DDA97FCB2AF3DBF200490DCE /* ShareSheetVC.swift in Sources */ = {isa = PBXBuildFile; fileRef = DDA97FC92AF3DBF200490DCE /* ShareSheetVC.swift */; };
		DDA97FCC2AF3DBF200490DCE /* ShareHeaderCell.xib in Resources */ = {isa = PBXBuildFile; fileRef = DDA97FCA2AF3DBF200490DCE /* ShareHeaderCell.xib */; };
		DDA97FCE2AF3DC4300490DCE /* ShareNeedsCell.xib in Resources */ = {isa = PBXBuildFile; fileRef = DDA97FCD2AF3DC4200490DCE /* ShareNeedsCell.xib */; };
		DDA97FD02AF3DD8E00490DCE /* ShareHeaderCell.swift in Sources */ = {isa = PBXBuildFile; fileRef = DDA97FCF2AF3DD8E00490DCE /* ShareHeaderCell.swift */; };
		DDA97FD22AF3DD9F00490DCE /* ShareNeedsCell.swift in Sources */ = {isa = PBXBuildFile; fileRef = DDA97FD12AF3DD9F00490DCE /* ShareNeedsCell.swift */; };
		DDC1D1672AD02251000C73C1 /* Realm in Frameworks */ = {isa = PBXBuildFile; productRef = DDC1D1662AD02251000C73C1 /* Realm */; };
		DDC1D1692AD02251000C73C1 /* RealmSwift in Frameworks */ = {isa = PBXBuildFile; productRef = DDC1D1682AD02251000C73C1 /* RealmSwift */; };
		DDD1F9232A72C22700B4EBE9 /* DateFormatter.swift in Sources */ = {isa = PBXBuildFile; fileRef = DDD1F9222A72C22700B4EBE9 /* DateFormatter.swift */; };
		DDD1F9252A78FF0A00B4EBE9 /* AddNeedsVC.swift in Sources */ = {isa = PBXBuildFile; fileRef = DDD1F9242A78FF0A00B4EBE9 /* AddNeedsVC.swift */; };
		DDF5C9462A6FFF6C0022F0F5 /* ProfileCell.swift in Sources */ = {isa = PBXBuildFile; fileRef = DDF5C9442A6FFF6C0022F0F5 /* ProfileCell.swift */; };
		DDF5C9472A6FFF6C0022F0F5 /* ProfileCell.xib in Resources */ = {isa = PBXBuildFile; fileRef = DDF5C9452A6FFF6C0022F0F5 /* ProfileCell.xib */; };
		DDF5C9492A6FFFDE0022F0F5 /* Constants.swift in Sources */ = {isa = PBXBuildFile; fileRef = DDF5C9482A6FFFDE0022F0F5 /* Constants.swift */; };
		DDF5C94B2A71189F0022F0F5 /* Styling.swift in Sources */ = {isa = PBXBuildFile; fileRef = DDF5C94A2A71189F0022F0F5 /* Styling.swift */; };
		DDF5C9552A729DCA0022F0F5 /* BlankCell.swift in Sources */ = {isa = PBXBuildFile; fileRef = DDF5C9532A729DCA0022F0F5 /* BlankCell.swift */; };
		DDF5C9562A729DCA0022F0F5 /* BlankCell.xib in Resources */ = {isa = PBXBuildFile; fileRef = DDF5C9542A729DCA0022F0F5 /* BlankCell.xib */; };
		DDF6CE242AD4158100B84331 /* AddNeedsFourVC.swift in Sources */ = {isa = PBXBuildFile; fileRef = DDF6CE232AD4158000B84331 /* AddNeedsFourVC.swift */; };
/* End PBXBuildFile section */

/* Begin PBXFileReference section */
		DD039E7E2AD6B030007F89AA /* RegisterVC.swift */ = {isa = PBXFileReference; lastKnownFileType = sourcecode.swift; path = RegisterVC.swift; sourceTree = "<group>"; };
		DD039E802AD6B042007F89AA /* LoginVC.swift */ = {isa = PBXFileReference; lastKnownFileType = sourcecode.swift; path = LoginVC.swift; sourceTree = "<group>"; };
		DD0F95492ADFDD7B009C39B3 /* HeaderCell.swift */ = {isa = PBXFileReference; lastKnownFileType = sourcecode.swift; path = HeaderCell.swift; sourceTree = "<group>"; };
		DD0F954A2ADFDD7B009C39B3 /* HeaderCell.xib */ = {isa = PBXFileReference; lastKnownFileType = file.xib; path = HeaderCell.xib; sourceTree = "<group>"; };
		DD0F95752AE2A9FC009C39B3 /* Menu.swift */ = {isa = PBXFileReference; lastKnownFileType = sourcecode.swift; path = Menu.swift; sourceTree = "<group>"; };
		DD14AF4F2A9F4E6E001F7470 /* AddNeedsThreeVC.swift */ = {isa = PBXFileReference; lastKnownFileType = sourcecode.swift; path = AddNeedsThreeVC.swift; sourceTree = "<group>"; };
		DD170AEF2A4EBAEA00EDB88B /* Profile.swift */ = {isa = PBXFileReference; lastKnownFileType = sourcecode.swift; path = Profile.swift; sourceTree = "<group>"; };
		DD1CA2C92A9E0DE600734070 /* NeedsCollectionViewCell.swift */ = {isa = PBXFileReference; lastKnownFileType = sourcecode.swift; path = NeedsCollectionViewCell.swift; sourceTree = "<group>"; };
		DD1CA2CA2A9E0DE600734070 /* NeedsCollectionViewCell.xib */ = {isa = PBXFileReference; lastKnownFileType = file.xib; path = NeedsCollectionViewCell.xib; sourceTree = "<group>"; };
		DD1CA2CD2A9E0EF500734070 /* Needs.swift */ = {isa = PBXFileReference; lastKnownFileType = sourcecode.swift; path = Needs.swift; sourceTree = "<group>"; };
		DD30D0DE2A9F30F500226579 /* AddNeedsTwoVC.swift */ = {isa = PBXFileReference; lastKnownFileType = sourcecode.swift; path = AddNeedsTwoVC.swift; sourceTree = "<group>"; };
		DD36B3812A6FEE9A00E91338 /* ReadMe.md */ = {isa = PBXFileReference; lastKnownFileType = net.daringfireball.markdown; path = ReadMe.md; sourceTree = "<group>"; };
		DD36B3832A6FF05500E91338 /* HomeVC.swift */ = {isa = PBXFileReference; lastKnownFileType = sourcecode.swift; path = HomeVC.swift; sourceTree = "<group>"; };
		DD36B3852A6FF1DA00E91338 /* Caprasimo-Regular.ttf */ = {isa = PBXFileReference; lastKnownFileType = file; path = "Caprasimo-Regular.ttf"; sourceTree = "<group>"; };
		DD41030F2A3335FC00537824 /* Brian.app */ = {isa = PBXFileReference; explicitFileType = wrapper.application; includeInIndex = 0; path = Brian.app; sourceTree = BUILT_PRODUCTS_DIR; };
		DD4103122A3335FC00537824 /* AppDelegate.swift */ = {isa = PBXFileReference; lastKnownFileType = sourcecode.swift; path = AppDelegate.swift; sourceTree = "<group>"; };
		DD4103142A3335FC00537824 /* SceneDelegate.swift */ = {isa = PBXFileReference; lastKnownFileType = sourcecode.swift; path = SceneDelegate.swift; sourceTree = "<group>"; };
		DD4103162A3335FC00537824 /* CreatePetVC.swift */ = {isa = PBXFileReference; lastKnownFileType = sourcecode.swift; path = CreatePetVC.swift; sourceTree = "<group>"; };
		DD4103192A3335FC00537824 /* Base */ = {isa = PBXFileReference; lastKnownFileType = file.storyboard; name = Base; path = Base.lproj/Main.storyboard; sourceTree = "<group>"; };
		DD41031B2A3335FE00537824 /* Assets.xcassets */ = {isa = PBXFileReference; lastKnownFileType = folder.assetcatalog; path = Assets.xcassets; sourceTree = "<group>"; };
		DD41031E2A3335FE00537824 /* Base */ = {isa = PBXFileReference; lastKnownFileType = file.storyboard; name = Base; path = Base.lproj/LaunchScreen.storyboard; sourceTree = "<group>"; };
		DD4103202A3335FE00537824 /* Info.plist */ = {isa = PBXFileReference; lastKnownFileType = text.plist.xml; path = Info.plist; sourceTree = "<group>"; };
		DD6C8F3F2AFCE1B0007F21D5 /* Shrikhand-Regular.ttf */ = {isa = PBXFileReference; lastKnownFileType = file; path = "Shrikhand-Regular.ttf"; sourceTree = "<group>"; };
		DD9AAB3D2ADD37CF00CA0BE5 /* NeedsListVC.swift */ = {isa = PBXFileReference; lastKnownFileType = sourcecode.swift; path = NeedsListVC.swift; sourceTree = "<group>"; };
		DD9AAB3E2ADD37CF00CA0BE5 /* NeedsListCell.xib */ = {isa = PBXFileReference; lastKnownFileType = file.xib; path = NeedsListCell.xib; sourceTree = "<group>"; };
		DD9AAB412ADD38BC00CA0BE5 /* NeedsListCell.swift */ = {isa = PBXFileReference; lastKnownFileType = sourcecode.swift; path = NeedsListCell.swift; sourceTree = "<group>"; };
		DDA97FC72AEFF81800490DCE /* AboutVC.swift */ = {isa = PBXFileReference; lastKnownFileType = sourcecode.swift; path = AboutVC.swift; sourceTree = "<group>"; };
		DDA97FC92AF3DBF200490DCE /* ShareSheetVC.swift */ = {isa = PBXFileReference; lastKnownFileType = sourcecode.swift; path = ShareSheetVC.swift; sourceTree = "<group>"; };
		DDA97FCA2AF3DBF200490DCE /* ShareHeaderCell.xib */ = {isa = PBXFileReference; lastKnownFileType = file.xib; path = ShareHeaderCell.xib; sourceTree = "<group>"; };
		DDA97FCD2AF3DC4200490DCE /* ShareNeedsCell.xib */ = {isa = PBXFileReference; lastKnownFileType = file.xib; path = ShareNeedsCell.xib; sourceTree = "<group>"; };
		DDA97FCF2AF3DD8E00490DCE /* ShareHeaderCell.swift */ = {isa = PBXFileReference; lastKnownFileType = sourcecode.swift; path = ShareHeaderCell.swift; sourceTree = "<group>"; };
		DDA97FD12AF3DD9F00490DCE /* ShareNeedsCell.swift */ = {isa = PBXFileReference; lastKnownFileType = sourcecode.swift; path = ShareNeedsCell.swift; sourceTree = "<group>"; };
		DDD1F9222A72C22700B4EBE9 /* DateFormatter.swift */ = {isa = PBXFileReference; lastKnownFileType = sourcecode.swift; path = DateFormatter.swift; sourceTree = "<group>"; };
		DDD1F9242A78FF0A00B4EBE9 /* AddNeedsVC.swift */ = {isa = PBXFileReference; lastKnownFileType = sourcecode.swift; path = AddNeedsVC.swift; sourceTree = "<group>"; };
		DDF5C9442A6FFF6C0022F0F5 /* ProfileCell.swift */ = {isa = PBXFileReference; lastKnownFileType = sourcecode.swift; path = ProfileCell.swift; sourceTree = "<group>"; };
		DDF5C9452A6FFF6C0022F0F5 /* ProfileCell.xib */ = {isa = PBXFileReference; lastKnownFileType = file.xib; path = ProfileCell.xib; sourceTree = "<group>"; };
		DDF5C9482A6FFFDE0022F0F5 /* Constants.swift */ = {isa = PBXFileReference; lastKnownFileType = sourcecode.swift; path = Constants.swift; sourceTree = "<group>"; };
		DDF5C94A2A71189F0022F0F5 /* Styling.swift */ = {isa = PBXFileReference; lastKnownFileType = sourcecode.swift; path = Styling.swift; sourceTree = "<group>"; };
		DDF5C9532A729DCA0022F0F5 /* BlankCell.swift */ = {isa = PBXFileReference; lastKnownFileType = sourcecode.swift; path = BlankCell.swift; sourceTree = "<group>"; };
		DDF5C9542A729DCA0022F0F5 /* BlankCell.xib */ = {isa = PBXFileReference; lastKnownFileType = file.xib; path = BlankCell.xib; sourceTree = "<group>"; };
		DDF6CE232AD4158000B84331 /* AddNeedsFourVC.swift */ = {isa = PBXFileReference; lastKnownFileType = sourcecode.swift; path = AddNeedsFourVC.swift; sourceTree = "<group>"; };
/* End PBXFileReference section */

/* Begin PBXFrameworksBuildPhase section */
		DD41030C2A3335FC00537824 /* Frameworks */ = {
			isa = PBXFrameworksBuildPhase;
			buildActionMask = 2147483647;
			files = (
				DDC1D1692AD02251000C73C1 /* RealmSwift in Frameworks */,
				DDC1D1672AD02251000C73C1 /* Realm in Frameworks */,
			);
			runOnlyForDeploymentPostprocessing = 0;
		};
/* End PBXFrameworksBuildPhase section */

/* Begin PBXGroup section */
		DD4103062A3335FC00537824 = {
			isa = PBXGroup;
			children = (
				DD4103112A3335FC00537824 /* Brian */,
				DD4103102A3335FC00537824 /* Products */,
			);
			sourceTree = "<group>";
		};
		DD4103102A3335FC00537824 /* Products */ = {
			isa = PBXGroup;
			children = (
				DD41030F2A3335FC00537824 /* Brian.app */,
			);
			name = Products;
			sourceTree = "<group>";
		};
		DD4103112A3335FC00537824 /* Brian */ = {
			isa = PBXGroup;
			children = (
				DD36B3812A6FEE9A00E91338 /* ReadMe.md */,
				DD4103122A3335FC00537824 /* AppDelegate.swift */,
				DD4103142A3335FC00537824 /* SceneDelegate.swift */,
				DD4103262A33367300537824 /* Model */,
				DD4103282A33369600537824 /* View */,
				DD4103272A33367C00537824 /* ViewModel */,
				DD41031B2A3335FE00537824 /* Assets.xcassets */,
				DDF5C9482A6FFFDE0022F0F5 /* Constants.swift */,
				DD4103292A3362CA00537824 /* Fonts */,
				DD4103202A3335FE00537824 /* Info.plist */,
			);
			path = Brian;
			sourceTree = "<group>";
		};
		DD4103262A33367300537824 /* Model */ = {
			isa = PBXGroup;
			children = (
				DDD1F9222A72C22700B4EBE9 /* DateFormatter.swift */,
				DD0F95752AE2A9FC009C39B3 /* Menu.swift */,
				DD1CA2CD2A9E0EF500734070 /* Needs.swift */,
				DD170AEF2A4EBAEA00EDB88B /* Profile.swift */,
				DDF5C94A2A71189F0022F0F5 /* Styling.swift */,
			);
			path = Model;
			sourceTree = "<group>";
		};
		DD4103272A33367C00537824 /* ViewModel */ = {
			isa = PBXGroup;
			children = (
				DDF5C9512A729D840022F0F5 /* Cells */,
				DDF5C9502A729D720022F0F5 /* VCs */,
			);
			path = ViewModel;
			sourceTree = "<group>";
		};
		DD4103282A33369600537824 /* View */ = {
			isa = PBXGroup;
			children = (
				DD41031D2A3335FE00537824 /* LaunchScreen.storyboard */,
				DD4103182A3335FC00537824 /* Main.storyboard */,
				DDF5C9522A729D930022F0F5 /* Cells */,
			);
			path = View;
			sourceTree = "<group>";
		};
		DD4103292A3362CA00537824 /* Fonts */ = {
			isa = PBXGroup;
			children = (
				DD6C8F3F2AFCE1B0007F21D5 /* Shrikhand-Regular.ttf */,
				DD36B3852A6FF1DA00E91338 /* Caprasimo-Regular.ttf */,
			);
			path = Fonts;
			sourceTree = "<group>";
		};
		DDF5C9502A729D720022F0F5 /* VCs */ = {
			isa = PBXGroup;
			children = (
				DDA97FC72AEFF81800490DCE /* AboutVC.swift */,
				DD039E7E2AD6B030007F89AA /* RegisterVC.swift */,
				DD039E802AD6B042007F89AA /* LoginVC.swift */,
				DD36B3832A6FF05500E91338 /* HomeVC.swift */,
				DD9AAB3D2ADD37CF00CA0BE5 /* NeedsListVC.swift */,
				DD4103162A3335FC00537824 /* CreatePetVC.swift */,
				DDD1F9242A78FF0A00B4EBE9 /* AddNeedsVC.swift */,
				DD30D0DE2A9F30F500226579 /* AddNeedsTwoVC.swift */,
				DD14AF4F2A9F4E6E001F7470 /* AddNeedsThreeVC.swift */,
				DDF6CE232AD4158000B84331 /* AddNeedsFourVC.swift */,
				DDA97FC92AF3DBF200490DCE /* ShareSheetVC.swift */,
			);
			path = VCs;
			sourceTree = "<group>";
		};
		DDF5C9512A729D840022F0F5 /* Cells */ = {
			isa = PBXGroup;
			children = (
				DDF5C9532A729DCA0022F0F5 /* BlankCell.swift */,
				DD0F95492ADFDD7B009C39B3 /* HeaderCell.swift */,
				DD1CA2C92A9E0DE600734070 /* NeedsCollectionViewCell.swift */,
				DD9AAB412ADD38BC00CA0BE5 /* NeedsListCell.swift */,
				DDF5C9442A6FFF6C0022F0F5 /* ProfileCell.swift */,
				DDA97FCF2AF3DD8E00490DCE /* ShareHeaderCell.swift */,
				DDA97FD12AF3DD9F00490DCE /* ShareNeedsCell.swift */,
			);
			path = Cells;
			sourceTree = "<group>";
		};
		DDF5C9522A729D930022F0F5 /* Cells */ = {
			isa = PBXGroup;
			children = (
				DDF5C9542A729DCA0022F0F5 /* BlankCell.xib */,
				DD0F954A2ADFDD7B009C39B3 /* HeaderCell.xib */,
				DD1CA2CA2A9E0DE600734070 /* NeedsCollectionViewCell.xib */,
				DD9AAB3E2ADD37CF00CA0BE5 /* NeedsListCell.xib */,
				DDF5C9452A6FFF6C0022F0F5 /* ProfileCell.xib */,
				DDA97FCA2AF3DBF200490DCE /* ShareHeaderCell.xib */,
				DDA97FCD2AF3DC4200490DCE /* ShareNeedsCell.xib */,
			);
			path = Cells;
			sourceTree = "<group>";
		};
/* End PBXGroup section */

/* Begin PBXNativeTarget section */
		DD41030E2A3335FC00537824 /* Brian */ = {
			isa = PBXNativeTarget;
			buildConfigurationList = DD4103232A3335FE00537824 /* Build configuration list for PBXNativeTarget "Brian" */;
			buildPhases = (
				DD41030B2A3335FC00537824 /* Sources */,
				DD41030C2A3335FC00537824 /* Frameworks */,
				DD41030D2A3335FC00537824 /* Resources */,
			);
			buildRules = (
			);
			dependencies = (
			);
			name = Brian;
			packageProductDependencies = (
				DDC1D1662AD02251000C73C1 /* Realm */,
				DDC1D1682AD02251000C73C1 /* RealmSwift */,
			);
			productName = Brian;
			productReference = DD41030F2A3335FC00537824 /* Brian.app */;
			productType = "com.apple.product-type.application";
		};
/* End PBXNativeTarget section */

/* Begin PBXProject section */
		DD4103072A3335FC00537824 /* Project object */ = {
			isa = PBXProject;
			attributes = {
				BuildIndependentTargetsInParallel = 1;
				LastSwiftUpdateCheck = 1430;
				LastUpgradeCheck = 1500;
				TargetAttributes = {
					DD41030E2A3335FC00537824 = {
						CreatedOnToolsVersion = 14.3.1;
					};
				};
			};
			buildConfigurationList = DD41030A2A3335FC00537824 /* Build configuration list for PBXProject "Brian" */;
			compatibilityVersion = "Xcode 14.0";
			developmentRegion = en;
			hasScannedForEncodings = 0;
			knownRegions = (
				en,
				Base,
			);
			mainGroup = DD4103062A3335FC00537824;
			packageReferences = (
				DDC1D1652AD02251000C73C1 /* XCRemoteSwiftPackageReference "realm-swift" */,
			);
			productRefGroup = DD4103102A3335FC00537824 /* Products */;
			projectDirPath = "";
			projectRoot = "";
			targets = (
				DD41030E2A3335FC00537824 /* Brian */,
			);
		};
/* End PBXProject section */

/* Begin PBXResourcesBuildPhase section */
		DD41030D2A3335FC00537824 /* Resources */ = {
			isa = PBXResourcesBuildPhase;
			buildActionMask = 2147483647;
			files = (
				DDA97FCC2AF3DBF200490DCE /* ShareHeaderCell.xib in Resources */,
				DDA97FCE2AF3DC4300490DCE /* ShareNeedsCell.xib in Resources */,
				DD6C8F402AFCE1B0007F21D5 /* Shrikhand-Regular.ttf in Resources */,
				DDF5C9472A6FFF6C0022F0F5 /* ProfileCell.xib in Resources */,
				DD9AAB402ADD37CF00CA0BE5 /* NeedsListCell.xib in Resources */,
				DD41031F2A3335FE00537824 /* LaunchScreen.storyboard in Resources */,
				DD36B3862A6FF1DA00E91338 /* Caprasimo-Regular.ttf in Resources */,
				DD1CA2CC2A9E0DE700734070 /* NeedsCollectionViewCell.xib in Resources */,
				DD41031C2A3335FE00537824 /* Assets.xcassets in Resources */,
				DDF5C9562A729DCA0022F0F5 /* BlankCell.xib in Resources */,
				DD41031A2A3335FC00537824 /* Main.storyboard in Resources */,
				DD0F954C2ADFDD7B009C39B3 /* HeaderCell.xib in Resources */,
			);
			runOnlyForDeploymentPostprocessing = 0;
		};
/* End PBXResourcesBuildPhase section */

/* Begin PBXSourcesBuildPhase section */
		DD41030B2A3335FC00537824 /* Sources */ = {
			isa = PBXSourcesBuildPhase;
			buildActionMask = 2147483647;
			files = (
				DDF6CE242AD4158100B84331 /* AddNeedsFourVC.swift in Sources */,
				DDA97FD22AF3DD9F00490DCE /* ShareNeedsCell.swift in Sources */,
				DD36B3842A6FF05500E91338 /* HomeVC.swift in Sources */,
				DDF5C9552A729DCA0022F0F5 /* BlankCell.swift in Sources */,
				DD039E812AD6B042007F89AA /* LoginVC.swift in Sources */,
				DDD1F9232A72C22700B4EBE9 /* DateFormatter.swift in Sources */,
				DDA97FCB2AF3DBF200490DCE /* ShareSheetVC.swift in Sources */,
				DD9AAB422ADD38BC00CA0BE5 /* NeedsListCell.swift in Sources */,
				DD30D0DF2A9F30F500226579 /* AddNeedsTwoVC.swift in Sources */,
				DD1CA2CE2A9E0EF500734070 /* Needs.swift in Sources */,
				DD170AF02A4EBAEA00EDB88B /* Profile.swift in Sources */,
				DD14AF502A9F4E6E001F7470 /* AddNeedsThreeVC.swift in Sources */,
				DDF5C9492A6FFFDE0022F0F5 /* Constants.swift in Sources */,
				DD9AAB3F2ADD37CF00CA0BE5 /* NeedsListVC.swift in Sources */,
				DD4103172A3335FC00537824 /* CreatePetVC.swift in Sources */,
				DDF5C9462A6FFF6C0022F0F5 /* ProfileCell.swift in Sources */,
				DD0F95762AE2A9FC009C39B3 /* Menu.swift in Sources */,
				DD4103132A3335FC00537824 /* AppDelegate.swift in Sources */,
				DDD1F9252A78FF0A00B4EBE9 /* AddNeedsVC.swift in Sources */,
				DDA97FD02AF3DD8E00490DCE /* ShareHeaderCell.swift in Sources */,
				DD1CA2CB2A9E0DE700734070 /* NeedsCollectionViewCell.swift in Sources */,
				DD4103152A3335FC00537824 /* SceneDelegate.swift in Sources */,
				DD039E7F2AD6B030007F89AA /* RegisterVC.swift in Sources */,
				DDA97FC82AEFF81800490DCE /* AboutVC.swift in Sources */,
				DDF5C94B2A71189F0022F0F5 /* Styling.swift in Sources */,
				DD0F954B2ADFDD7B009C39B3 /* HeaderCell.swift in Sources */,
			);
			runOnlyForDeploymentPostprocessing = 0;
		};
/* End PBXSourcesBuildPhase section */

/* Begin PBXVariantGroup section */
		DD4103182A3335FC00537824 /* Main.storyboard */ = {
			isa = PBXVariantGroup;
			children = (
				DD4103192A3335FC00537824 /* Base */,
			);
			name = Main.storyboard;
			sourceTree = "<group>";
		};
		DD41031D2A3335FE00537824 /* LaunchScreen.storyboard */ = {
			isa = PBXVariantGroup;
			children = (
				DD41031E2A3335FE00537824 /* Base */,
			);
			name = LaunchScreen.storyboard;
			sourceTree = "<group>";
		};
/* End PBXVariantGroup section */

/* Begin XCBuildConfiguration section */
		DD4103212A3335FE00537824 /* Debug */ = {
			isa = XCBuildConfiguration;
			buildSettings = {
				ALWAYS_SEARCH_USER_PATHS = NO;
				CLANG_ANALYZER_NONNULL = YES;
				CLANG_ANALYZER_NUMBER_OBJECT_CONVERSION = YES_AGGRESSIVE;
				CLANG_CXX_LANGUAGE_STANDARD = "gnu++20";
				CLANG_ENABLE_MODULES = YES;
				CLANG_ENABLE_OBJC_ARC = YES;
				CLANG_ENABLE_OBJC_WEAK = YES;
				CLANG_WARN_BLOCK_CAPTURE_AUTORELEASING = YES;
				CLANG_WARN_BOOL_CONVERSION = YES;
				CLANG_WARN_COMMA = YES;
				CLANG_WARN_CONSTANT_CONVERSION = YES;
				CLANG_WARN_DEPRECATED_OBJC_IMPLEMENTATIONS = YES;
				CLANG_WARN_DIRECT_OBJC_ISA_USAGE = YES_ERROR;
				CLANG_WARN_DOCUMENTATION_COMMENTS = YES;
				CLANG_WARN_EMPTY_BODY = YES;
				CLANG_WARN_ENUM_CONVERSION = YES;
				CLANG_WARN_INFINITE_RECURSION = YES;
				CLANG_WARN_INT_CONVERSION = YES;
				CLANG_WARN_NON_LITERAL_NULL_CONVERSION = YES;
				CLANG_WARN_OBJC_IMPLICIT_RETAIN_SELF = YES;
				CLANG_WARN_OBJC_LITERAL_CONVERSION = YES;
				CLANG_WARN_OBJC_ROOT_CLASS = YES_ERROR;
				CLANG_WARN_QUOTED_INCLUDE_IN_FRAMEWORK_HEADER = YES;
				CLANG_WARN_RANGE_LOOP_ANALYSIS = YES;
				CLANG_WARN_STRICT_PROTOTYPES = YES;
				CLANG_WARN_SUSPICIOUS_MOVE = YES;
				CLANG_WARN_UNGUARDED_AVAILABILITY = YES_AGGRESSIVE;
				CLANG_WARN_UNREACHABLE_CODE = YES;
				CLANG_WARN__DUPLICATE_METHOD_MATCH = YES;
				COPY_PHASE_STRIP = NO;
				DEBUG_INFORMATION_FORMAT = dwarf;
				ENABLE_STRICT_OBJC_MSGSEND = YES;
				ENABLE_TESTABILITY = YES;
				ENABLE_USER_SCRIPT_SANDBOXING = YES;
				GCC_C_LANGUAGE_STANDARD = gnu11;
				GCC_DYNAMIC_NO_PIC = NO;
				GCC_NO_COMMON_BLOCKS = YES;
				GCC_OPTIMIZATION_LEVEL = 0;
				GCC_PREPROCESSOR_DEFINITIONS = (
					"DEBUG=1",
					"$(inherited)",
				);
				GCC_WARN_64_TO_32_BIT_CONVERSION = YES;
				GCC_WARN_ABOUT_RETURN_TYPE = YES_ERROR;
				GCC_WARN_UNDECLARED_SELECTOR = YES;
				GCC_WARN_UNINITIALIZED_AUTOS = YES_AGGRESSIVE;
				GCC_WARN_UNUSED_FUNCTION = YES;
				GCC_WARN_UNUSED_VARIABLE = YES;
				IPHONEOS_DEPLOYMENT_TARGET = 16.0;
				MTL_ENABLE_DEBUG_INFO = INCLUDE_SOURCE;
				MTL_FAST_MATH = YES;
				ONLY_ACTIVE_ARCH = YES;
				SDKROOT = iphoneos;
				SWIFT_ACTIVE_COMPILATION_CONDITIONS = DEBUG;
				SWIFT_OPTIMIZATION_LEVEL = "-Onone";
			};
			name = Debug;
		};
		DD4103222A3335FE00537824 /* Release */ = {
			isa = XCBuildConfiguration;
			buildSettings = {
				ALWAYS_SEARCH_USER_PATHS = NO;
				CLANG_ANALYZER_NONNULL = YES;
				CLANG_ANALYZER_NUMBER_OBJECT_CONVERSION = YES_AGGRESSIVE;
				CLANG_CXX_LANGUAGE_STANDARD = "gnu++20";
				CLANG_ENABLE_MODULES = YES;
				CLANG_ENABLE_OBJC_ARC = YES;
				CLANG_ENABLE_OBJC_WEAK = YES;
				CLANG_WARN_BLOCK_CAPTURE_AUTORELEASING = YES;
				CLANG_WARN_BOOL_CONVERSION = YES;
				CLANG_WARN_COMMA = YES;
				CLANG_WARN_CONSTANT_CONVERSION = YES;
				CLANG_WARN_DEPRECATED_OBJC_IMPLEMENTATIONS = YES;
				CLANG_WARN_DIRECT_OBJC_ISA_USAGE = YES_ERROR;
				CLANG_WARN_DOCUMENTATION_COMMENTS = YES;
				CLANG_WARN_EMPTY_BODY = YES;
				CLANG_WARN_ENUM_CONVERSION = YES;
				CLANG_WARN_INFINITE_RECURSION = YES;
				CLANG_WARN_INT_CONVERSION = YES;
				CLANG_WARN_NON_LITERAL_NULL_CONVERSION = YES;
				CLANG_WARN_OBJC_IMPLICIT_RETAIN_SELF = YES;
				CLANG_WARN_OBJC_LITERAL_CONVERSION = YES;
				CLANG_WARN_OBJC_ROOT_CLASS = YES_ERROR;
				CLANG_WARN_QUOTED_INCLUDE_IN_FRAMEWORK_HEADER = YES;
				CLANG_WARN_RANGE_LOOP_ANALYSIS = YES;
				CLANG_WARN_STRICT_PROTOTYPES = YES;
				CLANG_WARN_SUSPICIOUS_MOVE = YES;
				CLANG_WARN_UNGUARDED_AVAILABILITY = YES_AGGRESSIVE;
				CLANG_WARN_UNREACHABLE_CODE = YES;
				CLANG_WARN__DUPLICATE_METHOD_MATCH = YES;
				COPY_PHASE_STRIP = NO;
				DEBUG_INFORMATION_FORMAT = "dwarf-with-dsym";
				ENABLE_NS_ASSERTIONS = NO;
				ENABLE_STRICT_OBJC_MSGSEND = YES;
				ENABLE_USER_SCRIPT_SANDBOXING = YES;
				GCC_C_LANGUAGE_STANDARD = gnu11;
				GCC_NO_COMMON_BLOCKS = YES;
				GCC_WARN_64_TO_32_BIT_CONVERSION = YES;
				GCC_WARN_ABOUT_RETURN_TYPE = YES_ERROR;
				GCC_WARN_UNDECLARED_SELECTOR = YES;
				GCC_WARN_UNINITIALIZED_AUTOS = YES_AGGRESSIVE;
				GCC_WARN_UNUSED_FUNCTION = YES;
				GCC_WARN_UNUSED_VARIABLE = YES;
				IPHONEOS_DEPLOYMENT_TARGET = 16.0;
				MTL_ENABLE_DEBUG_INFO = NO;
				MTL_FAST_MATH = YES;
				SDKROOT = iphoneos;
				SWIFT_COMPILATION_MODE = wholemodule;
				SWIFT_OPTIMIZATION_LEVEL = "-O";
				VALIDATE_PRODUCT = YES;
			};
			name = Release;
		};
		DD4103242A3335FE00537824 /* Debug */ = {
			isa = XCBuildConfiguration;
			buildSettings = {
				ASSETCATALOG_COMPILER_APPICON_NAME = AppIcon;
				ASSETCATALOG_COMPILER_GLOBAL_ACCENT_COLOR_NAME = AccentColor;
				CODE_SIGN_STYLE = Automatic;
				CURRENT_PROJECT_VERSION = 1;
				DEVELOPMENT_TEAM = DAP856JGQY;
				GENERATE_INFOPLIST_FILE = YES;
				INFOPLIST_FILE = Brian/Info.plist;
				INFOPLIST_KEY_CFBundleDisplayName = Brian;
				INFOPLIST_KEY_LSApplicationCategoryType = "public.app-category.lifestyle";
				INFOPLIST_KEY_UIApplicationSupportsIndirectInputEvents = YES;
				INFOPLIST_KEY_UILaunchStoryboardName = LaunchScreen;
				INFOPLIST_KEY_UIMainStoryboardFile = Main;
				INFOPLIST_KEY_UISupportedInterfaceOrientations = UIInterfaceOrientationPortrait;
				INFOPLIST_KEY_UISupportedInterfaceOrientations_iPad = "UIInterfaceOrientationLandscapeLeft UIInterfaceOrientationLandscapeRight UIInterfaceOrientationPortrait UIInterfaceOrientationPortraitUpsideDown";
				IPHONEOS_DEPLOYMENT_TARGET = 16.0;
				LD_RUNPATH_SEARCH_PATHS = (
					"$(inherited)",
					"@executable_path/Frameworks",
				);
				MARKETING_VERSION = 1.0;
				PRODUCT_BUNDLE_IDENTIFIER = com.jattersley.Brian;
				PRODUCT_NAME = "$(TARGET_NAME)";
				SUPPORTED_PLATFORMS = "iphoneos iphonesimulator";
				SUPPORTS_MACCATALYST = NO;
				SUPPORTS_MAC_DESIGNED_FOR_IPHONE_IPAD = NO;
				SWIFT_EMIT_LOC_STRINGS = YES;
				SWIFT_VERSION = 5.0;
				TARGETED_DEVICE_FAMILY = 1;
			};
			name = Debug;
		};
		DD4103252A3335FE00537824 /* Release */ = {
			isa = XCBuildConfiguration;
			buildSettings = {
				ASSETCATALOG_COMPILER_APPICON_NAME = AppIcon;
				ASSETCATALOG_COMPILER_GLOBAL_ACCENT_COLOR_NAME = AccentColor;
				CODE_SIGN_STYLE = Automatic;
				CURRENT_PROJECT_VERSION = 1;
				DEVELOPMENT_TEAM = DAP856JGQY;
				GENERATE_INFOPLIST_FILE = YES;
				INFOPLIST_FILE = Brian/Info.plist;
				INFOPLIST_KEY_CFBundleDisplayName = Brian;
				INFOPLIST_KEY_LSApplicationCategoryType = "public.app-category.lifestyle";
				INFOPLIST_KEY_UIApplicationSupportsIndirectInputEvents = YES;
				INFOPLIST_KEY_UILaunchStoryboardName = LaunchScreen;
				INFOPLIST_KEY_UIMainStoryboardFile = Main;
				INFOPLIST_KEY_UISupportedInterfaceOrientations = UIInterfaceOrientationPortrait;
				INFOPLIST_KEY_UISupportedInterfaceOrientations_iPad = "UIInterfaceOrientationLandscapeLeft UIInterfaceOrientationLandscapeRight UIInterfaceOrientationPortrait UIInterfaceOrientationPortraitUpsideDown";
				IPHONEOS_DEPLOYMENT_TARGET = 16.0;
				LD_RUNPATH_SEARCH_PATHS = (
					"$(inherited)",
					"@executable_path/Frameworks",
				);
				MARKETING_VERSION = 1.0;
				PRODUCT_BUNDLE_IDENTIFIER = com.jattersley.Brian;
				PRODUCT_NAME = "$(TARGET_NAME)";
				SUPPORTED_PLATFORMS = "iphoneos iphonesimulator";
				SUPPORTS_MACCATALYST = NO;
				SUPPORTS_MAC_DESIGNED_FOR_IPHONE_IPAD = NO;
				SWIFT_EMIT_LOC_STRINGS = YES;
				SWIFT_VERSION = 5.0;
				TARGETED_DEVICE_FAMILY = 1;
			};
			name = Release;
		};
/* End XCBuildConfiguration section */

/* Begin XCConfigurationList section */
		DD41030A2A3335FC00537824 /* Build configuration list for PBXProject "Brian" */ = {
			isa = XCConfigurationList;
			buildConfigurations = (
				DD4103212A3335FE00537824 /* Debug */,
				DD4103222A3335FE00537824 /* Release */,
			);
			defaultConfigurationIsVisible = 0;
			defaultConfigurationName = Release;
		};
		DD4103232A3335FE00537824 /* Build configuration list for PBXNativeTarget "Brian" */ = {
			isa = XCConfigurationList;
			buildConfigurations = (
				DD4103242A3335FE00537824 /* Debug */,
				DD4103252A3335FE00537824 /* Release */,
			);
			defaultConfigurationIsVisible = 0;
			defaultConfigurationName = Release;
		};
/* End XCConfigurationList section */

/* Begin XCRemoteSwiftPackageReference section */
		DDC1D1652AD02251000C73C1 /* XCRemoteSwiftPackageReference "realm-swift" */ = {
			isa = XCRemoteSwiftPackageReference;
			repositoryURL = "https://github.com/realm/realm-swift.git";
			requirement = {
				branch = master;
				kind = branch;
			};
		};
/* End XCRemoteSwiftPackageReference section */

/* Begin XCSwiftPackageProductDependency section */
		DDC1D1662AD02251000C73C1 /* Realm */ = {
			isa = XCSwiftPackageProductDependency;
			package = DDC1D1652AD02251000C73C1 /* XCRemoteSwiftPackageReference "realm-swift" */;
			productName = Realm;
		};
		DDC1D1682AD02251000C73C1 /* RealmSwift */ = {
			isa = XCSwiftPackageProductDependency;
			package = DDC1D1652AD02251000C73C1 /* XCRemoteSwiftPackageReference "realm-swift" */;
			productName = RealmSwift;
		};
/* End XCSwiftPackageProductDependency section */
	};
	rootObject = DD4103072A3335FC00537824 /* Project object */;
}
